
Microsoft Visual Studio Solution File, Format Version 12.00
# Visual Studio Version 17
VisualStudioVersion = 17.10.35013.160
MinimumVisualStudioVersion = 10.0.40219.1
Project("{8BC9CEB8-8B4A-11D0-8D11-00A0C91BC942}") = "ShellUtil", "ShellUtil\ShellUtil.vcxproj", "{7232A484-2269-4D34-AFC1-F857AEDE7698}"
EndProject
Global
	GlobalSection(SolutionConfigurationPlatforms) = preSolution
		Debug|x64 = Debug|x64
		Debug|x86 = Debug|x86
		Release|x64 = Release|x64
		Release|x86 = Release|x86
	EndGlobalSection
	GlobalSection(ProjectConfigurationPlatforms) = postSolution
		{7232A484-2269-4D34-AFC1-F857AEDE7698}.Debug|x64.ActiveCfg = Debug|x64
		{7232A484-2269-4D34-AFC1-F857AEDE7698}.Debug|x64.Build.0 = Debug|x64
		{7232A484-2269-4D34-AFC1-F857AEDE7698}.Debug|x86.ActiveCfg = Debug|Win32
		{7232A484-2269-4D34-AFC1-F857AEDE7698}.Debug|x86.Build.0 = Debug|Win32
		{7232A484-2269-4D34-AFC1-F857AEDE7698}.Release|x64.ActiveCfg = Release|x64
		{7232A484-2269-4D34-AFC1-F857AEDE7698}.Release|x64.Build.0 = Release|x64
		{7232A484-2269-4D34-AFC1-F857AEDE7698}.Release|x86.ActiveCfg = Release|Win32
		{7232A484-2269-4D34-AFC1-F857AEDE7698}.Release|x86.Build.0 = Release|Win32
	EndGlobalSection
	GlobalSection(SolutionProperties) = preSolution
		HideSolutionNode = FALSE
	EndGlobalSection
	GlobalSection(ExtensibilityGlobals) = postSolution
		SolutionGuid = {B1B2BDC9-900A-41A7-A27E-B419DB0D7EF4}
	EndGlobalSection
EndGlobal
